
Microsoft Visual Studio Solution File, Format Version 12.00
# Visual Studio Version 16
VisualStudioVersion = 16.0.32802.440
MinimumVisualStudioVersion = 10.0.40219.1
Project("{FAE04EC0-301F-11D3-BF4B-00C04F79EFBC}") = "merkleVA2", "merkleVA2\merkleVA2.csproj", "{D393F173-B2DB-4A9A-A84A-34593B461D87}"
EndProject
Global
	GlobalSection(SolutionConfigurationPlatforms) = preSolution
		Debug|Any CPU = Debug|Any CPU
		Release|Any CPU = Release|Any CPU
	EndGlobalSection
	GlobalSection(ProjectConfigurationPlatforms) = postSolution
		{D393F173-B2DB-4A9A-A84A-34593B461D87}.Debug|Any CPU.ActiveCfg = Debug|Any CPU
		{D393F173-B2DB-4A9A-A84A-34593B461D87}.Debug|Any CPU.Build.0 = Debug|Any CPU
		{D393F173-B2DB-4A9A-A84A-34593B461D87}.Release|Any CPU.ActiveCfg = Release|Any CPU
		{D393F173-B2DB-4A9A-A84A-34593B461D87}.Release|Any CPU.Build.0 = Release|Any CPU
	EndGlobalSection
	GlobalSection(SolutionProperties) = preSolution
		HideSolutionNode = FALSE
	EndGlobalSection
	GlobalSection(ExtensibilityGlobals) = postSolution
		SolutionGuid = {45B6942B-1151-4034-98B2-AEA150C39E1C}
	EndGlobalSection
EndGlobal
